// !$*UTF8*$!
{
	archiveVersion = 1;
	classes = {
	};
	objectVersion = 51;
	objects = {

/* Begin PBXBuildFile section */
		A0A01D73969938D43DFC0474 /* Pods_net.framework in Frameworks */ = {isa = PBXBuildFile; fileRef = E56B0318573B4AA483470560 /* Pods_net.framework */; };
		C3B0DC81232F6CF40078952A /* PathUtil.swift in Sources */ = {isa = PBXBuildFile; fileRef = C3B0DC7F232F6CF40078952A /* PathUtil.swift */; };
		C3B0DC82232F6CF40078952A /* DBManager.swift in Sources */ = {isa = PBXBuildFile; fileRef = C3B0DC80232F6CF40078952A /* DBManager.swift */; };
		C3B0DC84232F6D130078952A /* BaseModel.swift in Sources */ = {isa = PBXBuildFile; fileRef = C3B0DC83232F6D130078952A /* BaseModel.swift */; };
		C3B0DC86232F8E840078952A /* TestModel.swift in Sources */ = {isa = PBXBuildFile; fileRef = C3B0DC85232F8E840078952A /* TestModel.swift */; };
		C3B0DC882330E9520078952A /* FieldModel.swift in Sources */ = {isa = PBXBuildFile; fileRef = C3B0DC872330E9520078952A /* FieldModel.swift */; };
		C3B0DC8A2330E9870078952A /* FieldData.swift in Sources */ = {isa = PBXBuildFile; fileRef = C3B0DC892330E9870078952A /* FieldData.swift */; };
		C3B0DC8C2330EA520078952A /* Manager.swift in Sources */ = {isa = PBXBuildFile; fileRef = C3B0DC8B2330EA520078952A /* Manager.swift */; };
		C3B0DC8E2332246A0078952A /* ModelOpreateUtil.swift in Sources */ = {isa = PBXBuildFile; fileRef = C3B0DC8D2332246A0078952A /* ModelOpreateUtil.swift */; };
		C3BAD4BB2329E9F200045286 /* AppDelegate.swift in Sources */ = {isa = PBXBuildFile; fileRef = C3BAD4BA2329E9F200045286 /* AppDelegate.swift */; };
		C3BAD4BD2329E9F200045286 /* ViewController.swift in Sources */ = {isa = PBXBuildFile; fileRef = C3BAD4BC2329E9F200045286 /* ViewController.swift */; };
		C3BAD4C02329E9F200045286 /* Main.storyboard in Resources */ = {isa = PBXBuildFile; fileRef = C3BAD4BE2329E9F200045286 /* Main.storyboard */; };
		C3BAD4C22329E9F200045286 /* Assets.xcassets in Resources */ = {isa = PBXBuildFile; fileRef = C3BAD4C12329E9F200045286 /* Assets.xcassets */; };
		C3BAD4C52329E9F200045286 /* LaunchScreen.storyboard in Resources */ = {isa = PBXBuildFile; fileRef = C3BAD4C32329E9F200045286 /* LaunchScreen.storyboard */; };
		C3BAD4D02329E9F200045286 /* netTests.swift in Sources */ = {isa = PBXBuildFile; fileRef = C3BAD4CF2329E9F200045286 /* netTests.swift */; };
		C3BAD4DB2329E9F300045286 /* netUITests.swift in Sources */ = {isa = PBXBuildFile; fileRef = C3BAD4DA2329E9F300045286 /* netUITests.swift */; };
		C3BAD4EB2329EAF000045286 /* MoyaManager.swift in Sources */ = {isa = PBXBuildFile; fileRef = C3BAD4EA2329EAF000045286 /* MoyaManager.swift */; };
		C3BAD4ED2329EB5200045286 /* UplaodDataModel.swift in Sources */ = {isa = PBXBuildFile; fileRef = C3BAD4EC2329EB5200045286 /* UplaodDataModel.swift */; };
		C3BAD4F12329EF5500045286 /* ResultModel.swift in Sources */ = {isa = PBXBuildFile; fileRef = C3BAD4F02329EF5500045286 /* ResultModel.swift */; };
		C3BAD4F32329F2FB00045286 /* BaseApi.swift in Sources */ = {isa = PBXBuildFile; fileRef = C3BAD4F22329F2FB00045286 /* BaseApi.swift */; };
/* End PBXBuildFile section */

/* Begin PBXContainerItemProxy section */
		C3BAD4CC2329E9F200045286 /* PBXContainerItemProxy */ = {
			isa = PBXContainerItemProxy;
			containerPortal = C3BAD4AF2329E9F200045286 /* Project object */;
			proxyType = 1;
			remoteGlobalIDString = C3BAD4B62329E9F200045286;
			remoteInfo = net;
		};
		C3BAD4D72329E9F300045286 /* PBXContainerItemProxy */ = {
			isa = PBXContainerItemProxy;
			containerPortal = C3BAD4AF2329E9F200045286 /* Project object */;
			proxyType = 1;
			remoteGlobalIDString = C3BAD4B62329E9F200045286;
			remoteInfo = net;
		};
/* End PBXContainerItemProxy section */

/* Begin PBXFileReference section */
		7D6751A7C8801A43AA03DEF1 /* Pods-net.release.xcconfig */ = {isa = PBXFileReference; includeInIndex = 1; lastKnownFileType = text.xcconfig; name = "Pods-net.release.xcconfig"; path = "Target Support Files/Pods-net/Pods-net.release.xcconfig"; sourceTree = "<group>"; };
		9BC7657659C0C233692EDF7F /* Pods-net.debug.xcconfig */ = {isa = PBXFileReference; includeInIndex = 1; lastKnownFileType = text.xcconfig; name = "Pods-net.debug.xcconfig"; path = "Target Support Files/Pods-net/Pods-net.debug.xcconfig"; sourceTree = "<group>"; };
		C3B0DC7B232F6C990078952A /* DB-Bridging-Header.h */ = {isa = PBXFileReference; lastKnownFileType = sourcecode.c.h; path = "DB-Bridging-Header.h"; sourceTree = "<group>"; };
		C3B0DC7F232F6CF40078952A /* PathUtil.swift */ = {isa = PBXFileReference; fileEncoding = 4; lastKnownFileType = sourcecode.swift; path = PathUtil.swift; sourceTree = "<group>"; };
		C3B0DC80232F6CF40078952A /* DBManager.swift */ = {isa = PBXFileReference; fileEncoding = 4; lastKnownFileType = sourcecode.swift; path = DBManager.swift; sourceTree = "<group>"; };
		C3B0DC83232F6D130078952A /* BaseModel.swift */ = {isa = PBXFileReference; fileEncoding = 4; lastKnownFileType = sourcecode.swift; path = BaseModel.swift; sourceTree = "<group>"; };
		C3B0DC85232F8E840078952A /* TestModel.swift */ = {isa = PBXFileReference; lastKnownFileType = sourcecode.swift; path = TestModel.swift; sourceTree = "<group>"; };
		C3B0DC872330E9520078952A /* FieldModel.swift */ = {isa = PBXFileReference; lastKnownFileType = sourcecode.swift; path = FieldModel.swift; sourceTree = "<group>"; };
		C3B0DC892330E9870078952A /* FieldData.swift */ = {isa = PBXFileReference; lastKnownFileType = sourcecode.swift; path = FieldData.swift; sourceTree = "<group>"; };
		C3B0DC8B2330EA520078952A /* Manager.swift */ = {isa = PBXFileReference; lastKnownFileType = sourcecode.swift; path = Manager.swift; sourceTree = "<group>"; };
		C3B0DC8D2332246A0078952A /* ModelOpreateUtil.swift */ = {isa = PBXFileReference; lastKnownFileType = sourcecode.swift; path = ModelOpreateUtil.swift; sourceTree = "<group>"; };
		C3BAD4B72329E9F200045286 /* net.app */ = {isa = PBXFileReference; explicitFileType = wrapper.application; includeInIndex = 0; path = net.app; sourceTree = BUILT_PRODUCTS_DIR; };
		C3BAD4BA2329E9F200045286 /* AppDelegate.swift */ = {isa = PBXFileReference; lastKnownFileType = sourcecode.swift; path = AppDelegate.swift; sourceTree = "<group>"; };
		C3BAD4BC2329E9F200045286 /* ViewController.swift */ = {isa = PBXFileReference; lastKnownFileType = sourcecode.swift; path = ViewController.swift; sourceTree = "<group>"; };
		C3BAD4BF2329E9F200045286 /* Base */ = {isa = PBXFileReference; lastKnownFileType = file.storyboard; name = Base; path = Base.lproj/Main.storyboard; sourceTree = "<group>"; };
		C3BAD4C12329E9F200045286 /* Assets.xcassets */ = {isa = PBXFileReference; lastKnownFileType = folder.assetcatalog; path = Assets.xcassets; sourceTree = "<group>"; };
		C3BAD4C42329E9F200045286 /* Base */ = {isa = PBXFileReference; lastKnownFileType = file.storyboard; name = Base; path = Base.lproj/LaunchScreen.storyboard; sourceTree = "<group>"; };
		C3BAD4C62329E9F200045286 /* Info.plist */ = {isa = PBXFileReference; lastKnownFileType = text.plist.xml; path = Info.plist; sourceTree = "<group>"; };
		C3BAD4CB2329E9F200045286 /* netTests.xctest */ = {isa = PBXFileReference; explicitFileType = wrapper.cfbundle; includeInIndex = 0; path = netTests.xctest; sourceTree = BUILT_PRODUCTS_DIR; };
		C3BAD4CF2329E9F200045286 /* netTests.swift */ = {isa = PBXFileReference; lastKnownFileType = sourcecode.swift; path = netTests.swift; sourceTree = "<group>"; };
		C3BAD4D12329E9F200045286 /* Info.plist */ = {isa = PBXFileReference; lastKnownFileType = text.plist.xml; path = Info.plist; sourceTree = "<group>"; };
		C3BAD4D62329E9F300045286 /* netUITests.xctest */ = {isa = PBXFileReference; explicitFileType = wrapper.cfbundle; includeInIndex = 0; path = netUITests.xctest; sourceTree = BUILT_PRODUCTS_DIR; };
		C3BAD4DA2329E9F300045286 /* netUITests.swift */ = {isa = PBXFileReference; lastKnownFileType = sourcecode.swift; path = netUITests.swift; sourceTree = "<group>"; };
		C3BAD4DC2329E9F300045286 /* Info.plist */ = {isa = PBXFileReference; lastKnownFileType = text.plist.xml; path = Info.plist; sourceTree = "<group>"; };
		C3BAD4EA2329EAF000045286 /* MoyaManager.swift */ = {isa = PBXFileReference; fileEncoding = 4; lastKnownFileType = sourcecode.swift; path = MoyaManager.swift; sourceTree = "<group>"; };
		C3BAD4EC2329EB5200045286 /* UplaodDataModel.swift */ = {isa = PBXFileReference; fileEncoding = 4; lastKnownFileType = sourcecode.swift; path = UplaodDataModel.swift; sourceTree = "<group>"; };
		C3BAD4F02329EF5500045286 /* ResultModel.swift */ = {isa = PBXFileReference; fileEncoding = 4; lastKnownFileType = sourcecode.swift; path = ResultModel.swift; sourceTree = "<group>"; };
		C3BAD4F22329F2FB00045286 /* BaseApi.swift */ = {isa = PBXFileReference; lastKnownFileType = sourcecode.swift; path = BaseApi.swift; sourceTree = "<group>"; };
		E56B0318573B4AA483470560 /* Pods_net.framework */ = {isa = PBXFileReference; explicitFileType = wrapper.framework; includeInIndex = 0; path = Pods_net.framework; sourceTree = BUILT_PRODUCTS_DIR; };
/* End PBXFileReference section */

/* Begin PBXFrameworksBuildPhase section */
		C3BAD4B42329E9F200045286 /* Frameworks */ = {
			isa = PBXFrameworksBuildPhase;
			buildActionMask = 2147483647;
			files = (
				A0A01D73969938D43DFC0474 /* Pods_net.framework in Frameworks */,
			);
			runOnlyForDeploymentPostprocessing = 0;
		};
		C3BAD4C82329E9F200045286 /* Frameworks */ = {
			isa = PBXFrameworksBuildPhase;
			buildActionMask = 2147483647;
			files = (
			);
			runOnlyForDeploymentPostprocessing = 0;
		};
		C3BAD4D32329E9F300045286 /* Frameworks */ = {
			isa = PBXFrameworksBuildPhase;
			buildActionMask = 2147483647;
			files = (
			);
			runOnlyForDeploymentPostprocessing = 0;
		};
/* End PBXFrameworksBuildPhase section */

/* Begin PBXGroup section */
		1829A6992A602D73D61D64CC /* Frameworks */ = {
			isa = PBXGroup;
			children = (
				E56B0318573B4AA483470560 /* Pods_net.framework */,
			);
			name = Frameworks;
			sourceTree = "<group>";
		};
		282AD73792450FAD459839C8 /* Pods */ = {
			isa = PBXGroup;
			children = (
				9BC7657659C0C233692EDF7F /* Pods-net.debug.xcconfig */,
				7D6751A7C8801A43AA03DEF1 /* Pods-net.release.xcconfig */,
			);
			path = Pods;
			sourceTree = "<group>";
		};
		C3B0DC7A232F6C830078952A /* BDManager */ = {
			isa = PBXGroup;
			children = (
				C3B0DC7B232F6C990078952A /* DB-Bridging-Header.h */,
				C3B0DC8B2330EA520078952A /* Manager.swift */,
				C3B0DC80232F6CF40078952A /* DBManager.swift */,
				C3B0DC7F232F6CF40078952A /* PathUtil.swift */,
				C3B0DC83232F6D130078952A /* BaseModel.swift */,
				C3B0DC872330E9520078952A /* FieldModel.swift */,
				C3B0DC892330E9870078952A /* FieldData.swift */,
				C3B0DC8D2332246A0078952A /* ModelOpreateUtil.swift */,
			);
			path = BDManager;
			sourceTree = "<group>";
		};
		C3BAD4AE2329E9F200045286 = {
			isa = PBXGroup;
			children = (
				C3B0DC7A232F6C830078952A /* BDManager */,
				C3BAD4E92329EAD000045286 /* NetManager */,
				C3BAD4B92329E9F200045286 /* net */,
				C3BAD4CE2329E9F200045286 /* netTests */,
				C3BAD4D92329E9F300045286 /* netUITests */,
				C3BAD4B82329E9F200045286 /* Products */,
				282AD73792450FAD459839C8 /* Pods */,
				1829A6992A602D73D61D64CC /* Frameworks */,
			);
			sourceTree = "<group>";
		};
		C3BAD4B82329E9F200045286 /* Products */ = {
			isa = PBXGroup;
			children = (
				C3BAD4B72329E9F200045286 /* net.app */,
				C3BAD4CB2329E9F200045286 /* netTests.xctest */,
				C3BAD4D62329E9F300045286 /* netUITests.xctest */,
			);
			name = Products;
			sourceTree = "<group>";
		};
		C3BAD4B92329E9F200045286 /* net */ = {
			isa = PBXGroup;
			children = (
				C3BAD4BA2329E9F200045286 /* AppDelegate.swift */,
				C3BAD4BC2329E9F200045286 /* ViewController.swift */,
				C3BAD4BE2329E9F200045286 /* Main.storyboard */,
				C3BAD4C12329E9F200045286 /* Assets.xcassets */,
				C3BAD4C32329E9F200045286 /* LaunchScreen.storyboard */,
				C3BAD4C62329E9F200045286 /* Info.plist */,
				C3B0DC85232F8E840078952A /* TestModel.swift */,
			);
			path = net;
			sourceTree = "<group>";
		};
		C3BAD4CE2329E9F200045286 /* netTests */ = {
			isa = PBXGroup;
			children = (
				C3BAD4CF2329E9F200045286 /* netTests.swift */,
				C3BAD4D12329E9F200045286 /* Info.plist */,
			);
			path = netTests;
			sourceTree = "<group>";
		};
		C3BAD4D92329E9F300045286 /* netUITests */ = {
			isa = PBXGroup;
			children = (
				C3BAD4DA2329E9F300045286 /* netUITests.swift */,
				C3BAD4DC2329E9F300045286 /* Info.plist */,
			);
			path = netUITests;
			sourceTree = "<group>";
		};
		C3BAD4E92329EAD000045286 /* NetManager */ = {
			isa = PBXGroup;
			children = (
				C3BAD4F22329F2FB00045286 /* BaseApi.swift */,
				C3BAD4EA2329EAF000045286 /* MoyaManager.swift */,
				C3BAD4F02329EF5500045286 /* ResultModel.swift */,
				C3BAD4EC2329EB5200045286 /* UplaodDataModel.swift */,
			);
			path = NetManager;
			sourceTree = "<group>";
		};
/* End PBXGroup section */

/* Begin PBXNativeTarget section */
		C3BAD4B62329E9F200045286 /* net */ = {
			isa = PBXNativeTarget;
			buildConfigurationList = C3BAD4DF2329E9F300045286 /* Build configuration list for PBXNativeTarget "net" */;
			buildPhases = (
				82117744455895CD90821AFC /* [CP] Check Pods Manifest.lock */,
				C3BAD4B32329E9F200045286 /* Sources */,
				C3BAD4B42329E9F200045286 /* Frameworks */,
				C3BAD4B52329E9F200045286 /* Resources */,
				DC1B9D1FF910936936C0701F /* [CP] Embed Pods Frameworks */,
			);
			buildRules = (
			);
			dependencies = (
			);
			name = net;
			productName = net;
			productReference = C3BAD4B72329E9F200045286 /* net.app */;
			productType = "com.apple.product-type.application";
		};
		C3BAD4CA2329E9F200045286 /* netTests */ = {
			isa = PBXNativeTarget;
			buildConfigurationList = C3BAD4E22329E9F300045286 /* Build configuration list for PBXNativeTarget "netTests" */;
			buildPhases = (
				C3BAD4C72329E9F200045286 /* Sources */,
				C3BAD4C82329E9F200045286 /* Frameworks */,
				C3BAD4C92329E9F200045286 /* Resources */,
			);
			buildRules = (
			);
			dependencies = (
				C3BAD4CD2329E9F200045286 /* PBXTargetDependency */,
			);
			name = netTests;
			productName = netTests;
			productReference = C3BAD4CB2329E9F200045286 /* netTests.xctest */;
			productType = "com.apple.product-type.bundle.unit-test";
		};
		C3BAD4D52329E9F300045286 /* netUITests */ = {
			isa = PBXNativeTarget;
			buildConfigurationList = C3BAD4E52329E9F300045286 /* Build configuration list for PBXNativeTarget "netUITests" */;
			buildPhases = (
				C3BAD4D22329E9F300045286 /* Sources */,
				C3BAD4D32329E9F300045286 /* Frameworks */,
				C3BAD4D42329E9F300045286 /* Resources */,
			);
			buildRules = (
			);
			dependencies = (
				C3BAD4D82329E9F300045286 /* PBXTargetDependency */,
			);
			name = netUITests;
			productName = netUITests;
			productReference = C3BAD4D62329E9F300045286 /* netUITests.xctest */;
			productType = "com.apple.product-type.bundle.ui-testing";
		};
/* End PBXNativeTarget section */

/* Begin PBXProject section */
		C3BAD4AF2329E9F200045286 /* Project object */ = {
			isa = PBXProject;
			attributes = {
				LastSwiftUpdateCheck = 1030;
				LastUpgradeCheck = 1030;
				ORGANIZATIONNAME = "陈凯文";
				TargetAttributes = {
					C3BAD4B62329E9F200045286 = {
						CreatedOnToolsVersion = 10.3;
						LastSwiftMigration = 1030;
					};
					C3BAD4CA2329E9F200045286 = {
						CreatedOnToolsVersion = 10.3;
						TestTargetID = C3BAD4B62329E9F200045286;
					};
					C3BAD4D52329E9F300045286 = {
						CreatedOnToolsVersion = 10.3;
						TestTargetID = C3BAD4B62329E9F200045286;
					};
				};
			};
			buildConfigurationList = C3BAD4B22329E9F200045286 /* Build configuration list for PBXProject "net" */;
			compatibilityVersion = "Xcode 9.3";
			developmentRegion = en;
			hasScannedForEncodings = 0;
			knownRegions = (
				en,
				Base,
			);
			mainGroup = C3BAD4AE2329E9F200045286;
			productRefGroup = C3BAD4B82329E9F200045286 /* Products */;
			projectDirPath = "";
			projectRoot = "";
			targets = (
				C3BAD4B62329E9F200045286 /* net */,
				C3BAD4CA2329E9F200045286 /* netTests */,
				C3BAD4D52329E9F300045286 /* netUITests */,
			);
		};
/* End PBXProject section */

/* Begin PBXResourcesBuildPhase section */
		C3BAD4B52329E9F200045286 /* Resources */ = {
			isa = PBXResourcesBuildPhase;
			buildActionMask = 2147483647;
			files = (
				C3BAD4C52329E9F200045286 /* LaunchScreen.storyboard in Resources */,
				C3BAD4C22329E9F200045286 /* Assets.xcassets in Resources */,
				C3BAD4C02329E9F200045286 /* Main.storyboard in Resources */,
			);
			runOnlyForDeploymentPostprocessing = 0;
		};
		C3BAD4C92329E9F200045286 /* Resources */ = {
			isa = PBXResourcesBuildPhase;
			buildActionMask = 2147483647;
			files = (
			);
			runOnlyForDeploymentPostprocessing = 0;
		};
		C3BAD4D42329E9F300045286 /* Resources */ = {
			isa = PBXResourcesBuildPhase;
			buildActionMask = 2147483647;
			files = (
			);
			runOnlyForDeploymentPostprocessing = 0;
		};
/* End PBXResourcesBuildPhase section */

/* Begin PBXShellScriptBuildPhase section */
		82117744455895CD90821AFC /* [CP] Check Pods Manifest.lock */ = {
			isa = PBXShellScriptBuildPhase;
			buildActionMask = 2147483647;
			files = (
			);
			inputFileListPaths = (
			);
			inputPaths = (
				"${PODS_PODFILE_DIR_PATH}/Podfile.lock",
				"${PODS_ROOT}/Manifest.lock",
			);
			name = "[CP] Check Pods Manifest.lock";
			outputFileListPaths = (
			);
			outputPaths = (
				"$(DERIVED_FILE_DIR)/Pods-net-checkManifestLockResult.txt",
			);
			runOnlyForDeploymentPostprocessing = 0;
			shellPath = /bin/sh;
			shellScript = "diff \"${PODS_PODFILE_DIR_PATH}/Podfile.lock\" \"${PODS_ROOT}/Manifest.lock\" > /dev/null\nif [ $? != 0 ] ; then\n    # print error to STDERR\n    echo \"error: The sandbox is not in sync with the Podfile.lock. Run 'pod install' or update your CocoaPods installation.\" >&2\n    exit 1\nfi\n# This output is used by Xcode 'outputs' to avoid re-running this script phase.\necho \"SUCCESS\" > \"${SCRIPT_OUTPUT_FILE_0}\"\n";
			showEnvVarsInLog = 0;
		};
		DC1B9D1FF910936936C0701F /* [CP] Embed Pods Frameworks */ = {
			isa = PBXShellScriptBuildPhase;
			buildActionMask = 2147483647;
			files = (
			);
			inputFileListPaths = (
				"${PODS_ROOT}/Target Support Files/Pods-net/Pods-net-frameworks-${CONFIGURATION}-input-files.xcfilelist",
			);
			name = "[CP] Embed Pods Frameworks";
			outputFileListPaths = (
				"${PODS_ROOT}/Target Support Files/Pods-net/Pods-net-frameworks-${CONFIGURATION}-output-files.xcfilelist",
			);
			runOnlyForDeploymentPostprocessing = 0;
			shellPath = /bin/sh;
			shellScript = "\"${PODS_ROOT}/Target Support Files/Pods-net/Pods-net-frameworks.sh\"\n";
			showEnvVarsInLog = 0;
		};
/* End PBXShellScriptBuildPhase section */

/* Begin PBXSourcesBuildPhase section */
		C3BAD4B32329E9F200045286 /* Sources */ = {
			isa = PBXSourcesBuildPhase;
			buildActionMask = 2147483647;
			files = (
				C3B0DC8E2332246A0078952A /* ModelOpreateUtil.swift in Sources */,
				C3B0DC8A2330E9870078952A /* FieldData.swift in Sources */,
				C3B0DC84232F6D130078952A /* BaseModel.swift in Sources */,
				C3B0DC81232F6CF40078952A /* PathUtil.swift in Sources */,
				C3BAD4F32329F2FB00045286 /* BaseApi.swift in Sources */,
				C3BAD4ED2329EB5200045286 /* UplaodDataModel.swift in Sources */,
				C3B0DC82232F6CF40078952A /* DBManager.swift in Sources */,
				C3BAD4F12329EF5500045286 /* ResultModel.swift in Sources */,
				C3B0DC8C2330EA520078952A /* Manager.swift in Sources */,
				C3B0DC882330E9520078952A /* FieldModel.swift in Sources */,
				C3BAD4BD2329E9F200045286 /* ViewController.swift in Sources */,
				C3B0DC86232F8E840078952A /* TestModel.swift in Sources */,
				C3BAD4BB2329E9F200045286 /* AppDelegate.swift in Sources */,
				C3BAD4EB2329EAF000045286 /* MoyaManager.swift in Sources */,
			);
			runOnlyForDeploymentPostprocessing = 0;
		};
		C3BAD4C72329E9F200045286 /* Sources */ = {
			isa = PBXSourcesBuildPhase;
			buildActionMask = 2147483647;
			files = (
				C3BAD4D02329E9F200045286 /* netTests.swift in Sources */,
			);
			runOnlyForDeploymentPostprocessing = 0;
		};
		C3BAD4D22329E9F300045286 /* Sources */ = {
			isa = PBXSourcesBuildPhase;
			buildActionMask = 2147483647;
			files = (
				C3BAD4DB2329E9F300045286 /* netUITests.swift in Sources */,
			);
			runOnlyForDeploymentPostprocessing = 0;
		};
/* End PBXSourcesBuildPhase section */

/* Begin PBXTargetDependency section */
		C3BAD4CD2329E9F200045286 /* PBXTargetDependency */ = {
			isa = PBXTargetDependency;
			target = C3BAD4B62329E9F200045286 /* net */;
			targetProxy = C3BAD4CC2329E9F200045286 /* PBXContainerItemProxy */;
		};
		C3BAD4D82329E9F300045286 /* PBXTargetDependency */ = {
			isa = PBXTargetDependency;
			target = C3BAD4B62329E9F200045286 /* net */;
			targetProxy = C3BAD4D72329E9F300045286 /* PBXContainerItemProxy */;
		};
/* End PBXTargetDependency section */

/* Begin PBXVariantGroup section */
		C3BAD4BE2329E9F200045286 /* Main.storyboard */ = {
			isa = PBXVariantGroup;
			children = (
				C3BAD4BF2329E9F200045286 /* Base */,
			);
			name = Main.storyboard;
			sourceTree = "<group>";
		};
		C3BAD4C32329E9F200045286 /* LaunchScreen.storyboard */ = {
			isa = PBXVariantGroup;
			children = (
				C3BAD4C42329E9F200045286 /* Base */,
			);
			name = LaunchScreen.storyboard;
			sourceTree = "<group>";
		};
/* End PBXVariantGroup section */

/* Begin XCBuildConfiguration section */
		C3BAD4DD2329E9F300045286 /* Debug */ = {
			isa = XCBuildConfiguration;
			buildSettings = {
				ALWAYS_SEARCH_USER_PATHS = NO;
				CLANG_ANALYZER_NONNULL = YES;
				CLANG_ANALYZER_NUMBER_OBJECT_CONVERSION = YES_AGGRESSIVE;
				CLANG_CXX_LANGUAGE_STANDARD = "gnu++14";
				CLANG_CXX_LIBRARY = "libc++";
				CLANG_ENABLE_MODULES = YES;
				CLANG_ENABLE_OBJC_ARC = YES;
				CLANG_ENABLE_OBJC_WEAK = YES;
				CLANG_WARN_BLOCK_CAPTURE_AUTORELEASING = YES;
				CLANG_WARN_BOOL_CONVERSION = YES;
				CLANG_WARN_COMMA = YES;
				CLANG_WARN_CONSTANT_CONVERSION = YES;
				CLANG_WARN_DEPRECATED_OBJC_IMPLEMENTATIONS = YES;
				CLANG_WARN_DIRECT_OBJC_ISA_USAGE = YES_ERROR;
				CLANG_WARN_DOCUMENTATION_COMMENTS = YES;
				CLANG_WARN_EMPTY_BODY = YES;
				CLANG_WARN_ENUM_CONVERSION = YES;
				CLANG_WARN_INFINITE_RECURSION = YES;
				CLANG_WARN_INT_CONVERSION = YES;
				CLANG_WARN_NON_LITERAL_NULL_CONVERSION = YES;
				CLANG_WARN_OBJC_IMPLICIT_RETAIN_SELF = YES;
				CLANG_WARN_OBJC_LITERAL_CONVERSION = YES;
				CLANG_WARN_OBJC_ROOT_CLASS = YES_ERROR;
				CLANG_WARN_RANGE_LOOP_ANALYSIS = YES;
				CLANG_WARN_STRICT_PROTOTYPES = YES;
				CLANG_WARN_SUSPICIOUS_MOVE = YES;
				CLANG_WARN_UNGUARDED_AVAILABILITY = YES_AGGRESSIVE;
				CLANG_WARN_UNREACHABLE_CODE = YES;
				CLANG_WARN__DUPLICATE_METHOD_MATCH = YES;
				CODE_SIGN_IDENTITY = "iPhone Developer";
				COPY_PHASE_STRIP = NO;
				DEBUG_INFORMATION_FORMAT = dwarf;
				ENABLE_STRICT_OBJC_MSGSEND = YES;
				ENABLE_TESTABILITY = YES;
				GCC_C_LANGUAGE_STANDARD = gnu11;
				GCC_DYNAMIC_NO_PIC = NO;
				GCC_NO_COMMON_BLOCKS = YES;
				GCC_OPTIMIZATION_LEVEL = 0;
				GCC_PREPROCESSOR_DEFINITIONS = (
					"DEBUG=1",
					"$(inherited)",
				);
				GCC_WARN_64_TO_32_BIT_CONVERSION = YES;
				GCC_WARN_ABOUT_RETURN_TYPE = YES_ERROR;
				GCC_WARN_UNDECLARED_SELECTOR = YES;
				GCC_WARN_UNINITIALIZED_AUTOS = YES_AGGRESSIVE;
				GCC_WARN_UNUSED_FUNCTION = YES;
				GCC_WARN_UNUSED_VARIABLE = YES;
				IPHONEOS_DEPLOYMENT_TARGET = 12.4;
				MTL_ENABLE_DEBUG_INFO = INCLUDE_SOURCE;
				MTL_FAST_MATH = YES;
				ONLY_ACTIVE_ARCH = YES;
				SDKROOT = iphoneos;
				SWIFT_ACTIVE_COMPILATION_CONDITIONS = DEBUG;
				SWIFT_OPTIMIZATION_LEVEL = "-Onone";
			};
			name = Debug;
		};
		C3BAD4DE2329E9F300045286 /* Release */ = {
			isa = XCBuildConfiguration;
			buildSettings = {
				ALWAYS_SEARCH_USER_PATHS = NO;
				CLANG_ANALYZER_NONNULL = YES;
				CLANG_ANALYZER_NUMBER_OBJECT_CONVERSION = YES_AGGRESSIVE;
				CLANG_CXX_LANGUAGE_STANDARD = "gnu++14";
				CLANG_CXX_LIBRARY = "libc++";
				CLANG_ENABLE_MODULES = YES;
				CLANG_ENABLE_OBJC_ARC = YES;
				CLANG_ENABLE_OBJC_WEAK = YES;
				CLANG_WARN_BLOCK_CAPTURE_AUTORELEASING = YES;
				CLANG_WARN_BOOL_CONVERSION = YES;
				CLANG_WARN_COMMA = YES;
				CLANG_WARN_CONSTANT_CONVERSION = YES;
				CLANG_WARN_DEPRECATED_OBJC_IMPLEMENTATIONS = YES;
				CLANG_WARN_DIRECT_OBJC_ISA_USAGE = YES_ERROR;
				CLANG_WARN_DOCUMENTATION_COMMENTS = YES;
				CLANG_WARN_EMPTY_BODY = YES;
				CLANG_WARN_ENUM_CONVERSION = YES;
				CLANG_WARN_INFINITE_RECURSION = YES;
				CLANG_WARN_INT_CONVERSION = YES;
				CLANG_WARN_NON_LITERAL_NULL_CONVERSION = YES;
				CLANG_WARN_OBJC_IMPLICIT_RETAIN_SELF = YES;
				CLANG_WARN_OBJC_LITERAL_CONVERSION = YES;
				CLANG_WARN_OBJC_ROOT_CLASS = YES_ERROR;
				CLANG_WARN_RANGE_LOOP_ANALYSIS = YES;
				CLANG_WARN_STRICT_PROTOTYPES = YES;
				CLANG_WARN_SUSPICIOUS_MOVE = YES;
				CLANG_WARN_UNGUARDED_AVAILABILITY = YES_AGGRESSIVE;
				CLANG_WARN_UNREACHABLE_CODE = YES;
				CLANG_WARN__DUPLICATE_METHOD_MATCH = YES;
				CODE_SIGN_IDENTITY = "iPhone Developer";
				COPY_PHASE_STRIP = NO;
				DEBUG_INFORMATION_FORMAT = "dwarf-with-dsym";
				ENABLE_NS_ASSERTIONS = NO;
				ENABLE_STRICT_OBJC_MSGSEND = YES;
				GCC_C_LANGUAGE_STANDARD = gnu11;
				GCC_NO_COMMON_BLOCKS = YES;
				GCC_WARN_64_TO_32_BIT_CONVERSION = YES;
				GCC_WARN_ABOUT_RETURN_TYPE = YES_ERROR;
				GCC_WARN_UNDECLARED_SELECTOR = YES;
				GCC_WARN_UNINITIALIZED_AUTOS = YES_AGGRESSIVE;
				GCC_WARN_UNUSED_FUNCTION = YES;
				GCC_WARN_UNUSED_VARIABLE = YES;
				IPHONEOS_DEPLOYMENT_TARGET = 12.4;
				MTL_ENABLE_DEBUG_INFO = NO;
				MTL_FAST_MATH = YES;
				SDKROOT = iphoneos;
				SWIFT_COMPILATION_MODE = wholemodule;
				SWIFT_OPTIMIZATION_LEVEL = "-O";
				VALIDATE_PRODUCT = YES;
			};
			name = Release;
		};
		C3BAD4E02329E9F300045286 /* Debug */ = {
			isa = XCBuildConfiguration;
			baseConfigurationReference = 9BC7657659C0C233692EDF7F /* Pods-net.debug.xcconfig */;
			buildSettings = {
				ASSETCATALOG_COMPILER_APPICON_NAME = AppIcon;
				CLANG_ENABLE_MODULES = YES;
				CODE_SIGN_STYLE = Automatic;
				DEVELOPMENT_TEAM = G6UZZ566DP;
				INFOPLIST_FILE = net/Info.plist;
				IPHONEOS_DEPLOYMENT_TARGET = 10.0;
				LD_RUNPATH_SEARCH_PATHS = (
					"$(inherited)",
					"@executable_path/Frameworks",
				);
				PRODUCT_BUNDLE_IDENTIFIER = com.kevin.net;
				PRODUCT_NAME = "$(TARGET_NAME)";
				SWIFT_OBJC_BRIDGING_HEADER = "BDManager/DB-Bridging-Header.h";
				SWIFT_OPTIMIZATION_LEVEL = "-Onone";
				SWIFT_VERSION = 5.0;
				TARGETED_DEVICE_FAMILY = 1;
			};
			name = Debug;
		};
		C3BAD4E12329E9F300045286 /* Release */ = {
			isa = XCBuildConfiguration;
			baseConfigurationReference = 7D6751A7C8801A43AA03DEF1 /* Pods-net.release.xcconfig */;
			buildSettings = {
				ASSETCATALOG_COMPILER_APPICON_NAME = AppIcon;
				CLANG_ENABLE_MODULES = YES;
				CODE_SIGN_STYLE = Automatic;
				DEVELOPMENT_TEAM = G6UZZ566DP;
				INFOPLIST_FILE = net/Info.plist;
				IPHONEOS_DEPLOYMENT_TARGET = 10.0;
				LD_RUNPATH_SEARCH_PATHS = (
					"$(inherited)",
					"@executable_path/Frameworks",
				);
				PRODUCT_BUNDLE_IDENTIFIER = com.kevin.net;
				PRODUCT_NAME = "$(TARGET_NAME)";
				SWIFT_OBJC_BRIDGING_HEADER = "BDManager/DB-Bridging-Header.h";
				SWIFT_VERSION = 5.0;
				TARGETED_DEVICE_FAMILY = 1;
			};
			name = Release;
		};
		C3BAD4E32329E9F300045286 /* Debug */ = {
			isa = XCBuildConfiguration;
			buildSettings = {
				ALWAYS_EMBED_SWIFT_STANDARD_LIBRARIES = YES;
				BUNDLE_LOADER = "$(TEST_HOST)";
				CODE_SIGN_STYLE = Automatic;
				DEVELOPMENT_TEAM = G6UZZ566DP;
				INFOPLIST_FILE = netTests/Info.plist;
				LD_RUNPATH_SEARCH_PATHS = (
					"$(inherited)",
					"@executable_path/Frameworks",
					"@loader_path/Frameworks",
				);
				PRODUCT_BUNDLE_IDENTIFIER = com.kevin.netTests;
				PRODUCT_NAME = "$(TARGET_NAME)";
				SWIFT_VERSION = 5.0;
				TARGETED_DEVICE_FAMILY = "1,2";
				TEST_HOST = "$(BUILT_PRODUCTS_DIR)/net.app/net";
			};
			name = Debug;
		};
		C3BAD4E42329E9F300045286 /* Release */ = {
			isa = XCBuildConfiguration;
			buildSettings = {
				ALWAYS_EMBED_SWIFT_STANDARD_LIBRARIES = YES;
				BUNDLE_LOADER = "$(TEST_HOST)";
				CODE_SIGN_STYLE = Automatic;
				DEVELOPMENT_TEAM = G6UZZ566DP;
				INFOPLIST_FILE = netTests/Info.plist;
				LD_RUNPATH_SEARCH_PATHS = (
					"$(inherited)",
					"@executable_path/Frameworks",
					"@loader_path/Frameworks",
				);
				PRODUCT_BUNDLE_IDENTIFIER = com.kevin.netTests;
				PRODUCT_NAME = "$(TARGET_NAME)";
				SWIFT_VERSION = 5.0;
				TARGETED_DEVICE_FAMILY = "1,2";
				TEST_HOST = "$(BUILT_PRODUCTS_DIR)/net.app/net";
			};
			name = Release;
		};
		C3BAD4E62329E9F300045286 /* Debug */ = {
			isa = XCBuildConfiguration;
			buildSettings = {
				ALWAYS_EMBED_SWIFT_STANDARD_LIBRARIES = YES;
				CODE_SIGN_STYLE = Automatic;
				DEVELOPMENT_TEAM = G6UZZ566DP;
				INFOPLIST_FILE = netUITests/Info.plist;
				LD_RUNPATH_SEARCH_PATHS = (
					"$(inherited)",
					"@executable_path/Frameworks",
					"@loader_path/Frameworks",
				);
				PRODUCT_BUNDLE_IDENTIFIER = com.kevin.netUITests;
				PRODUCT_NAME = "$(TARGET_NAME)";
				SWIFT_VERSION = 5.0;
				TARGETED_DEVICE_FAMILY = "1,2";
				TEST_TARGET_NAME = net;
			};
			name = Debug;
		};
		C3BAD4E72329E9F300045286 /* Release */ = {
			isa = XCBuildConfiguration;
			buildSettings = {
				ALWAYS_EMBED_SWIFT_STANDARD_LIBRARIES = YES;
				CODE_SIGN_STYLE = Automatic;
				DEVELOPMENT_TEAM = G6UZZ566DP;
				INFOPLIST_FILE = netUITests/Info.plist;
				LD_RUNPATH_SEARCH_PATHS = (
					"$(inherited)",
					"@executable_path/Frameworks",
					"@loader_path/Frameworks",
				);
				PRODUCT_BUNDLE_IDENTIFIER = com.kevin.netUITests;
				PRODUCT_NAME = "$(TARGET_NAME)";
				SWIFT_VERSION = 5.0;
				TARGETED_DEVICE_FAMILY = "1,2";
				TEST_TARGET_NAME = net;
			};
			name = Release;
		};
/* End XCBuildConfiguration section */

/* Begin XCConfigurationList section */
		C3BAD4B22329E9F200045286 /* Build configuration list for PBXProject "net" */ = {
			isa = XCConfigurationList;
			buildConfigurations = (
				C3BAD4DD2329E9F300045286 /* Debug */,
				C3BAD4DE2329E9F300045286 /* Release */,
			);
			defaultConfigurationIsVisible = 0;
			defaultConfigurationName = Release;
		};
		C3BAD4DF2329E9F300045286 /* Build configuration list for PBXNativeTarget "net" */ = {
			isa = XCConfigurationList;
			buildConfigurations = (
				C3BAD4E02329E9F300045286 /* Debug */,
				C3BAD4E12329E9F300045286 /* Release */,
			);
			defaultConfigurationIsVisible = 0;
			defaultConfigurationName = Release;
		};
		C3BAD4E22329E9F300045286 /* Build configuration list for PBXNativeTarget "netTests" */ = {
			isa = XCConfigurationList;
			buildConfigurations = (
				C3BAD4E32329E9F300045286 /* Debug */,
				C3BAD4E42329E9F300045286 /* Release */,
			);
			defaultConfigurationIsVisible = 0;
			defaultConfigurationName = Release;
		};
		C3BAD4E52329E9F300045286 /* Build configuration list for PBXNativeTarget "netUITests" */ = {
			isa = XCConfigurationList;
			buildConfigurations = (
				C3BAD4E62329E9F300045286 /* Debug */,
				C3BAD4E72329E9F300045286 /* Release */,
			);
			defaultConfigurationIsVisible = 0;
			defaultConfigurationName = Release;
		};
/* End XCConfigurationList section */
	};
	rootObject = C3BAD4AF2329E9F200045286 /* Project object */;
}
